
Microsoft Visual Studio Solution File, Format Version 12.00
# Visual Studio Version 16
VisualStudioVersion = 16.0.30413.136
MinimumVisualStudioVersion = 10.0.40219.1
Project("{8BC9CEB8-8B4A-11D0-8D11-00A0C91BC942}") = "BallanceRecordClient", "BallanceRecordClient\BallanceRecordClient.vcxproj", "{878581A7-B069-4845-A860-A06DA118C369}"
EndProject
Project("{FAE04EC0-301F-11D3-BF4B-00C04F79EFBC}") = "BallanceRecordApi", "BallanceRecordApi\BallanceRecordApi.csproj", "{501B8831-B038-47B1-850A-B231FC686DDC}"
EndProject
Project("{FAE04EC0-301F-11D3-BF4B-00C04F79EFBC}") = "BallanceRecordApi.IntegrationTest", "BallanceRecordApi.IntegrationTest\BallanceRecordApi.IntegrationTest.csproj", "{72944EF7-FFBE-46FB-ADBB-E02135553664}"
EndProject
Global
	GlobalSection(SolutionConfigurationPlatforms) = preSolution
		Debug|Any CPU = Debug|Any CPU
		Debug|x64 = Debug|x64
		Debug|x86 = Debug|x86
		Release|Any CPU = Release|Any CPU
		Release|x64 = Release|x64
		Release|x86 = Release|x86
	EndGlobalSection
	GlobalSection(ProjectConfigurationPlatforms) = postSolution
		{878581A7-B069-4845-A860-A06DA118C369}.Debug|Any CPU.ActiveCfg = Debug|Win32
		{878581A7-B069-4845-A860-A06DA118C369}.Debug|x64.ActiveCfg = Debug|x64
		{878581A7-B069-4845-A860-A06DA118C369}.Debug|x64.Build.0 = Debug|x64
		{878581A7-B069-4845-A860-A06DA118C369}.Debug|x86.ActiveCfg = Debug|Win32
		{878581A7-B069-4845-A860-A06DA118C369}.Debug|x86.Build.0 = Debug|Win32
		{878581A7-B069-4845-A860-A06DA118C369}.Release|Any CPU.ActiveCfg = Release|Win32
		{878581A7-B069-4845-A860-A06DA118C369}.Release|x64.ActiveCfg = Release|x64
		{878581A7-B069-4845-A860-A06DA118C369}.Release|x64.Build.0 = Release|x64
		{878581A7-B069-4845-A860-A06DA118C369}.Release|x86.ActiveCfg = Release|Win32
		{878581A7-B069-4845-A860-A06DA118C369}.Release|x86.Build.0 = Release|Win32
		{501B8831-B038-47B1-850A-B231FC686DDC}.Debug|Any CPU.ActiveCfg = Debug|Any CPU
		{501B8831-B038-47B1-850A-B231FC686DDC}.Debug|Any CPU.Build.0 = Debug|Any CPU
		{501B8831-B038-47B1-850A-B231FC686DDC}.Debug|x64.ActiveCfg = Debug|Any CPU
		{501B8831-B038-47B1-850A-B231FC686DDC}.Debug|x64.Build.0 = Debug|Any CPU
		{501B8831-B038-47B1-850A-B231FC686DDC}.Debug|x86.ActiveCfg = Debug|Any CPU
		{501B8831-B038-47B1-850A-B231FC686DDC}.Debug|x86.Build.0 = Debug|Any CPU
		{501B8831-B038-47B1-850A-B231FC686DDC}.Release|Any CPU.ActiveCfg = Release|Any CPU
		{501B8831-B038-47B1-850A-B231FC686DDC}.Release|Any CPU.Build.0 = Release|Any CPU
		{501B8831-B038-47B1-850A-B231FC686DDC}.Release|x64.ActiveCfg = Release|Any CPU
		{501B8831-B038-47B1-850A-B231FC686DDC}.Release|x64.Build.0 = Release|Any CPU
		{501B8831-B038-47B1-850A-B231FC686DDC}.Release|x86.ActiveCfg = Release|Any CPU
		{501B8831-B038-47B1-850A-B231FC686DDC}.Release|x86.Build.0 = Release|Any CPU
		{72944EF7-FFBE-46FB-ADBB-E02135553664}.Debug|Any CPU.ActiveCfg = Debug|Any CPU
		{72944EF7-FFBE-46FB-ADBB-E02135553664}.Debug|Any CPU.Build.0 = Debug|Any CPU
		{72944EF7-FFBE-46FB-ADBB-E02135553664}.Debug|x64.ActiveCfg = Debug|Any CPU
		{72944EF7-FFBE-46FB-ADBB-E02135553664}.Debug|x64.Build.0 = Debug|Any CPU
		{72944EF7-FFBE-46FB-ADBB-E02135553664}.Debug|x86.ActiveCfg = Debug|Any CPU
		{72944EF7-FFBE-46FB-ADBB-E02135553664}.Debug|x86.Build.0 = Debug|Any CPU
		{72944EF7-FFBE-46FB-ADBB-E02135553664}.Release|Any CPU.ActiveCfg = Release|Any CPU
		{72944EF7-FFBE-46FB-ADBB-E02135553664}.Release|Any CPU.Build.0 = Release|Any CPU
		{72944EF7-FFBE-46FB-ADBB-E02135553664}.Release|x64.ActiveCfg = Release|Any CPU
		{72944EF7-FFBE-46FB-ADBB-E02135553664}.Release|x64.Build.0 = Release|Any CPU
		{72944EF7-FFBE-46FB-ADBB-E02135553664}.Release|x86.ActiveCfg = Release|Any CPU
		{72944EF7-FFBE-46FB-ADBB-E02135553664}.Release|x86.Build.0 = Release|Any CPU
	EndGlobalSection
	GlobalSection(SolutionProperties) = preSolution
		HideSolutionNode = FALSE
	EndGlobalSection
	GlobalSection(ExtensibilityGlobals) = postSolution
		SolutionGuid = {7E6A5B7F-DC9E-44D1-89C8-C9AC2D43C251}
	EndGlobalSection
EndGlobal
